
Microsoft Visual Studio Solution File, Format Version 11.00
# Visual Studio 2010
Project("{FAE04EC0-301F-11D3-BF4B-00C04F79EFBC}") = "ODotNet.Ru.MCU.ConsoleApplication", "ODotNet.Ru.MCU.ConsoleApplication\ODotNet.Ru.MCU.ConsoleApplication.csproj", "{53C51D71-EFB4-456D-B929-A0A4AEBFADFE}"
EndProject
Project("{FAE04EC0-301F-11D3-BF4B-00C04F79EFBC}") = "ODotNet.Ru.Tandberg", "ODotNet.Ru.Tandberg\ODotNet.Ru.Tandberg.csproj", "{ABBF9EED-F23C-4D3D-9F6A-F4295C896438}"
EndProject
Project("{FAE04EC0-301F-11D3-BF4B-00C04F79EFBC}") = "xmlrpc", "..\..\Projects\SakhEnergoConferenceReservation\trunk\dev\src\Dependencies\xml-rpc.net\src\xmlrpc.csproj", "{1B4B0A58-0AFB-4090-91DD-18912CC7DE65}"
EndProject
Project("{FAE04EC0-301F-11D3-BF4B-00C04F79EFBC}") = "ODotNet.Ru.Tandberg.Interfaces", "ODotNet.Ru.Tandberg.Interfaces\ODotNet.Ru.Tandberg.Interfaces.csproj", "{0539FFBB-0A01-4E95-AF48-EF460309EAF8}"
EndProject
Global
	GlobalSection(SolutionConfigurationPlatforms) = preSolution
		Debug|Any CPU = Debug|Any CPU
		Debug|Mixed Platforms = Debug|Mixed Platforms
		Debug|x64 = Debug|x64
		Debug|x86 = Debug|x86
		Release|Any CPU = Release|Any CPU
		Release|Mixed Platforms = Release|Mixed Platforms
		Release|x64 = Release|x64
		Release|x86 = Release|x86
	EndGlobalSection
	GlobalSection(ProjectConfigurationPlatforms) = postSolution
		{53C51D71-EFB4-456D-B929-A0A4AEBFADFE}.Debug|Any CPU.ActiveCfg = Debug|x86
		{53C51D71-EFB4-456D-B929-A0A4AEBFADFE}.Debug|Mixed Platforms.ActiveCfg = Debug|x86
		{53C51D71-EFB4-456D-B929-A0A4AEBFADFE}.Debug|Mixed Platforms.Build.0 = Debug|x86
		{53C51D71-EFB4-456D-B929-A0A4AEBFADFE}.Debug|x64.ActiveCfg = Debug|x86
		{53C51D71-EFB4-456D-B929-A0A4AEBFADFE}.Debug|x86.ActiveCfg = Debug|x86
		{53C51D71-EFB4-456D-B929-A0A4AEBFADFE}.Debug|x86.Build.0 = Debug|x86
		{53C51D71-EFB4-456D-B929-A0A4AEBFADFE}.Release|Any CPU.ActiveCfg = Release|x86
		{53C51D71-EFB4-456D-B929-A0A4AEBFADFE}.Release|Mixed Platforms.ActiveCfg = Release|x86
		{53C51D71-EFB4-456D-B929-A0A4AEBFADFE}.Release|Mixed Platforms.Build.0 = Release|x86
		{53C51D71-EFB4-456D-B929-A0A4AEBFADFE}.Release|x64.ActiveCfg = Release|x86
		{53C51D71-EFB4-456D-B929-A0A4AEBFADFE}.Release|x86.ActiveCfg = Release|x86
		{53C51D71-EFB4-456D-B929-A0A4AEBFADFE}.Release|x86.Build.0 = Release|x86
		{ABBF9EED-F23C-4D3D-9F6A-F4295C896438}.Debug|Any CPU.ActiveCfg = Debug|Any CPU
		{ABBF9EED-F23C-4D3D-9F6A-F4295C896438}.Debug|Any CPU.Build.0 = Debug|Any CPU
		{ABBF9EED-F23C-4D3D-9F6A-F4295C896438}.Debug|Mixed Platforms.ActiveCfg = Debug|Any CPU
		{ABBF9EED-F23C-4D3D-9F6A-F4295C896438}.Debug|Mixed Platforms.Build.0 = Debug|Any CPU
		{ABBF9EED-F23C-4D3D-9F6A-F4295C896438}.Debug|x64.ActiveCfg = Debug|Any CPU
		{ABBF9EED-F23C-4D3D-9F6A-F4295C896438}.Debug|x86.ActiveCfg = Debug|Any CPU
		{ABBF9EED-F23C-4D3D-9F6A-F4295C896438}.Release|Any CPU.ActiveCfg = Release|Any CPU
		{ABBF9EED-F23C-4D3D-9F6A-F4295C896438}.Release|Any CPU.Build.0 = Release|Any CPU
		{ABBF9EED-F23C-4D3D-9F6A-F4295C896438}.Release|Mixed Platforms.ActiveCfg = Release|Any CPU
		{ABBF9EED-F23C-4D3D-9F6A-F4295C896438}.Release|Mixed Platforms.Build.0 = Release|Any CPU
		{ABBF9EED-F23C-4D3D-9F6A-F4295C896438}.Release|x64.ActiveCfg = Release|Any CPU
		{ABBF9EED-F23C-4D3D-9F6A-F4295C896438}.Release|x86.ActiveCfg = Release|Any CPU
		{1B4B0A58-0AFB-4090-91DD-18912CC7DE65}.Debug|Any CPU.ActiveCfg = Debug|Any CPU
		{1B4B0A58-0AFB-4090-91DD-18912CC7DE65}.Debug|Any CPU.Build.0 = Debug|Any CPU
		{1B4B0A58-0AFB-4090-91DD-18912CC7DE65}.Debug|Mixed Platforms.ActiveCfg = Debug|x64
		{1B4B0A58-0AFB-4090-91DD-18912CC7DE65}.Debug|Mixed Platforms.Build.0 = Debug|x64
		{1B4B0A58-0AFB-4090-91DD-18912CC7DE65}.Debug|x64.ActiveCfg = Debug|x64
		{1B4B0A58-0AFB-4090-91DD-18912CC7DE65}.Debug|x64.Build.0 = Debug|x64
		{1B4B0A58-0AFB-4090-91DD-18912CC7DE65}.Debug|x86.ActiveCfg = Debug|x86
		{1B4B0A58-0AFB-4090-91DD-18912CC7DE65}.Debug|x86.Build.0 = Debug|x86
		{1B4B0A58-0AFB-4090-91DD-18912CC7DE65}.Release|Any CPU.ActiveCfg = Release|Any CPU
		{1B4B0A58-0AFB-4090-91DD-18912CC7DE65}.Release|Any CPU.Build.0 = Release|Any CPU
		{1B4B0A58-0AFB-4090-91DD-18912CC7DE65}.Release|Mixed Platforms.ActiveCfg = Release|x64
		{1B4B0A58-0AFB-4090-91DD-18912CC7DE65}.Release|Mixed Platforms.Build.0 = Release|x64
		{1B4B0A58-0AFB-4090-91DD-18912CC7DE65}.Release|x64.ActiveCfg = Release|x64
		{1B4B0A58-0AFB-4090-91DD-18912CC7DE65}.Release|x64.Build.0 = Release|x64
		{1B4B0A58-0AFB-4090-91DD-18912CC7DE65}.Release|x86.ActiveCfg = Release|x86
		{1B4B0A58-0AFB-4090-91DD-18912CC7DE65}.Release|x86.Build.0 = Release|x86
		{0539FFBB-0A01-4E95-AF48-EF460309EAF8}.Debug|Any CPU.ActiveCfg = Debug|Any CPU
		{0539FFBB-0A01-4E95-AF48-EF460309EAF8}.Debug|Any CPU.Build.0 = Debug|Any CPU
		{0539FFBB-0A01-4E95-AF48-EF460309EAF8}.Debug|Mixed Platforms.ActiveCfg = Debug|Any CPU
		{0539FFBB-0A01-4E95-AF48-EF460309EAF8}.Debug|Mixed Platforms.Build.0 = Debug|Any CPU
		{0539FFBB-0A01-4E95-AF48-EF460309EAF8}.Debug|x64.ActiveCfg = Debug|Any CPU
		{0539FFBB-0A01-4E95-AF48-EF460309EAF8}.Debug|x86.ActiveCfg = Debug|Any CPU
		{0539FFBB-0A01-4E95-AF48-EF460309EAF8}.Release|Any CPU.ActiveCfg = Release|Any CPU
		{0539FFBB-0A01-4E95-AF48-EF460309EAF8}.Release|Any CPU.Build.0 = Release|Any CPU
		{0539FFBB-0A01-4E95-AF48-EF460309EAF8}.Release|Mixed Platforms.ActiveCfg = Release|Any CPU
		{0539FFBB-0A01-4E95-AF48-EF460309EAF8}.Release|Mixed Platforms.Build.0 = Release|Any CPU
		{0539FFBB-0A01-4E95-AF48-EF460309EAF8}.Release|x64.ActiveCfg = Release|Any CPU
		{0539FFBB-0A01-4E95-AF48-EF460309EAF8}.Release|x86.ActiveCfg = Release|Any CPU
	EndGlobalSection
	GlobalSection(SolutionProperties) = preSolution
		HideSolutionNode = FALSE
	EndGlobalSection
EndGlobal
